
Microsoft Visual Studio Solution File, Format Version 12.00
# Visual Studio Version 16
VisualStudioVersion = 16.0.29806.167
MinimumVisualStudioVersion = 10.0.40219.1
Project("{FAE04EC0-301F-11D3-BF4B-00C04F79EFBC}") = "SocketServer", "SocketServer\SocketServer.csproj", "{4243DAF3-33AD-4D3F-9E2E-A930A2C9B652}"
EndProject
Project("{FAE04EC0-301F-11D3-BF4B-00C04F79EFBC}") = "SocketClient", "SocketClient\SocketClient.csproj", "{9EB1B288-C9DE-492E-8A4D-13F434E5FE93}"
EndProject
Global
	GlobalSection(SolutionConfigurationPlatforms) = preSolution
		Debug|Any CPU = Debug|Any CPU
		Release|Any CPU = Release|Any CPU
	EndGlobalSection
	GlobalSection(ProjectConfigurationPlatforms) = postSolution
		{4243DAF3-33AD-4D3F-9E2E-A930A2C9B652}.Debug|Any CPU.ActiveCfg = Debug|Any CPU
		{4243DAF3-33AD-4D3F-9E2E-A930A2C9B652}.Debug|Any CPU.Build.0 = Debug|Any CPU
		{4243DAF3-33AD-4D3F-9E2E-A930A2C9B652}.Release|Any CPU.ActiveCfg = Release|Any CPU
		{4243DAF3-33AD-4D3F-9E2E-A930A2C9B652}.Release|Any CPU.Build.0 = Release|Any CPU
		{9EB1B288-C9DE-492E-8A4D-13F434E5FE93}.Debug|Any CPU.ActiveCfg = Debug|Any CPU
		{9EB1B288-C9DE-492E-8A4D-13F434E5FE93}.Debug|Any CPU.Build.0 = Debug|Any CPU
		{9EB1B288-C9DE-492E-8A4D-13F434E5FE93}.Release|Any CPU.ActiveCfg = Release|Any CPU
		{9EB1B288-C9DE-492E-8A4D-13F434E5FE93}.Release|Any CPU.Build.0 = Release|Any CPU
	EndGlobalSection
	GlobalSection(SolutionProperties) = preSolution
		HideSolutionNode = FALSE
	EndGlobalSection
	GlobalSection(ExtensibilityGlobals) = postSolution
		SolutionGuid = {3D742D82-7CF7-4542-9760-9504B4551B75}
	EndGlobalSection
EndGlobal
